
Microsoft Visual Studio Solution File, Format Version 12.00
# Visual Studio 15
VisualStudioVersion = 15.0.28010.2003
MinimumVisualStudioVersion = 10.0.40219.1
Project("{FAE04EC0-301F-11D3-BF4B-00C04F79EFBC}") = "DiBox.Core", "DiBox.Core\DiBox.Core.csproj", "{EEB25EB2-6FD8-44DF-90BC-1885513AEF28}"
EndProject
Project("{FAE04EC0-301F-11D3-BF4B-00C04F79EFBC}") = "DiBox.Tests", "DiBox.Tests\DiBox.Tests.csproj", "{E6F52328-DBA6-4425-8D11-32F22B914D30}"
EndProject
Global
	GlobalSection(SolutionConfigurationPlatforms) = preSolution
		Debug|Any CPU = Debug|Any CPU
		Release|Any CPU = Release|Any CPU
	EndGlobalSection
	GlobalSection(ProjectConfigurationPlatforms) = postSolution
		{EEB25EB2-6FD8-44DF-90BC-1885513AEF28}.Debug|Any CPU.ActiveCfg = Debug|Any CPU
		{EEB25EB2-6FD8-44DF-90BC-1885513AEF28}.Debug|Any CPU.Build.0 = Debug|Any CPU
		{EEB25EB2-6FD8-44DF-90BC-1885513AEF28}.Release|Any CPU.ActiveCfg = Release|Any CPU
		{EEB25EB2-6FD8-44DF-90BC-1885513AEF28}.Release|Any CPU.Build.0 = Release|Any CPU
		{E6F52328-DBA6-4425-8D11-32F22B914D30}.Debug|Any CPU.ActiveCfg = Debug|Any CPU
		{E6F52328-DBA6-4425-8D11-32F22B914D30}.Debug|Any CPU.Build.0 = Debug|Any CPU
		{E6F52328-DBA6-4425-8D11-32F22B914D30}.Release|Any CPU.ActiveCfg = Release|Any CPU
		{E6F52328-DBA6-4425-8D11-32F22B914D30}.Release|Any CPU.Build.0 = Release|Any CPU
	EndGlobalSection
	GlobalSection(SolutionProperties) = preSolution
		HideSolutionNode = FALSE
	EndGlobalSection
	GlobalSection(ExtensibilityGlobals) = postSolution
		SolutionGuid = {7D7EDA56-55EE-4CD8-8577-B92D5B2BDDCD}
	EndGlobalSection
EndGlobal
